
Microsoft Visual Studio Solution File, Format Version 12.00
# Visual Studio Version 17
VisualStudioVersion = 17.14.36414.22 d17.14
MinimumVisualStudioVersion = 10.0.40219.1
Project("{FAE04EC0-301F-11D3-BF4B-00C04F79EFBC}") = "generatorkvizu", "generatorkvizu\generatorkvizu.csproj", "{729D8C23-EDD1-4BDC-A773-79AEA2C91B7A}"
EndProject
Global
	GlobalSection(SolutionConfigurationPlatforms) = preSolution
		Debug|Any CPU = Debug|Any CPU
		Release|Any CPU = Release|Any CPU
	EndGlobalSection
	GlobalSection(ProjectConfigurationPlatforms) = postSolution
		{729D8C23-EDD1-4BDC-A773-79AEA2C91B7A}.Debug|Any CPU.ActiveCfg = Debug|Any CPU
		{729D8C23-EDD1-4BDC-A773-79AEA2C91B7A}.Debug|Any CPU.Build.0 = Debug|Any CPU
		{729D8C23-EDD1-4BDC-A773-79AEA2C91B7A}.Release|Any CPU.ActiveCfg = Release|Any CPU
		{729D8C23-EDD1-4BDC-A773-79AEA2C91B7A}.Release|Any CPU.Build.0 = Release|Any CPU
	EndGlobalSection
	GlobalSection(SolutionProperties) = preSolution
		HideSolutionNode = FALSE
	EndGlobalSection
	GlobalSection(ExtensibilityGlobals) = postSolution
		SolutionGuid = {02395229-B7BA-4129-A2E2-D1ECD17E2C17}
	EndGlobalSection
EndGlobal
